
Microsoft Visual Studio Solution File, Format Version 12.00
# Visual Studio Version 16
VisualStudioVersion = 16.0.30114.105
MinimumVisualStudioVersion = 10.0.40219.1
Project("{FAE04EC0-301F-11D3-BF4B-00C04F79EFBC}") = "PlanetaWebApi", "PlanetaWebApi\PlanetaWebApi.csproj", "{87204AA5-D668-4115-8477-432DE0E4C84C}"
EndProject
Project("{FAE04EC0-301F-11D3-BF4B-00C04F79EFBC}") = "PlanetaWebApi.Tests", "PlanetaWebApi.Tests\PlanetaWebApi.Tests.csproj", "{4659F023-6447-476B-A69A-A27B2EB22DDB}"
EndProject
Global
	GlobalSection(SolutionConfigurationPlatforms) = preSolution
		Debug|Any CPU = Debug|Any CPU
		Debug|x64 = Debug|x64
		Debug|x86 = Debug|x86
		Release|Any CPU = Release|Any CPU
		Release|x64 = Release|x64
		Release|x86 = Release|x86
	EndGlobalSection
	GlobalSection(SolutionProperties) = preSolution
		HideSolutionNode = FALSE
	EndGlobalSection
	GlobalSection(ProjectConfigurationPlatforms) = postSolution
		{87204AA5-D668-4115-8477-432DE0E4C84C}.Debug|Any CPU.ActiveCfg = Debug|Any CPU
		{87204AA5-D668-4115-8477-432DE0E4C84C}.Debug|Any CPU.Build.0 = Debug|Any CPU
		{87204AA5-D668-4115-8477-432DE0E4C84C}.Debug|x64.ActiveCfg = Debug|Any CPU
		{87204AA5-D668-4115-8477-432DE0E4C84C}.Debug|x64.Build.0 = Debug|Any CPU
		{87204AA5-D668-4115-8477-432DE0E4C84C}.Debug|x86.ActiveCfg = Debug|Any CPU
		{87204AA5-D668-4115-8477-432DE0E4C84C}.Debug|x86.Build.0 = Debug|Any CPU
		{87204AA5-D668-4115-8477-432DE0E4C84C}.Release|Any CPU.ActiveCfg = Release|Any CPU
		{87204AA5-D668-4115-8477-432DE0E4C84C}.Release|Any CPU.Build.0 = Release|Any CPU
		{87204AA5-D668-4115-8477-432DE0E4C84C}.Release|x64.ActiveCfg = Release|Any CPU
		{87204AA5-D668-4115-8477-432DE0E4C84C}.Release|x64.Build.0 = Release|Any CPU
		{87204AA5-D668-4115-8477-432DE0E4C84C}.Release|x86.ActiveCfg = Release|Any CPU
		{87204AA5-D668-4115-8477-432DE0E4C84C}.Release|x86.Build.0 = Release|Any CPU
		{4659F023-6447-476B-A69A-A27B2EB22DDB}.Debug|Any CPU.ActiveCfg = Debug|Any CPU
		{4659F023-6447-476B-A69A-A27B2EB22DDB}.Debug|Any CPU.Build.0 = Debug|Any CPU
		{4659F023-6447-476B-A69A-A27B2EB22DDB}.Debug|x64.ActiveCfg = Debug|Any CPU
		{4659F023-6447-476B-A69A-A27B2EB22DDB}.Debug|x64.Build.0 = Debug|Any CPU
		{4659F023-6447-476B-A69A-A27B2EB22DDB}.Debug|x86.ActiveCfg = Debug|Any CPU
		{4659F023-6447-476B-A69A-A27B2EB22DDB}.Debug|x86.Build.0 = Debug|Any CPU
		{4659F023-6447-476B-A69A-A27B2EB22DDB}.Release|Any CPU.ActiveCfg = Release|Any CPU
		{4659F023-6447-476B-A69A-A27B2EB22DDB}.Release|Any CPU.Build.0 = Release|Any CPU
		{4659F023-6447-476B-A69A-A27B2EB22DDB}.Release|x64.ActiveCfg = Release|Any CPU
		{4659F023-6447-476B-A69A-A27B2EB22DDB}.Release|x64.Build.0 = Release|Any CPU
		{4659F023-6447-476B-A69A-A27B2EB22DDB}.Release|x86.ActiveCfg = Release|Any CPU
		{4659F023-6447-476B-A69A-A27B2EB22DDB}.Release|x86.Build.0 = Release|Any CPU
	EndGlobalSection
EndGlobal
